// !$*UTF8*$!
{
	archiveVersion = 1;
	classes = {
	};
	objectVersion = 50;
	objects = {

/* Begin PBXBuildFile section */
		C40E46C8230FD618006C9DF0 /* StringValidation.swift in Sources */ = {isa = PBXBuildFile; fileRef = C40E46C7230FD618006C9DF0 /* StringValidation.swift */; };
		C40E46CA230FD62D006C9DF0 /* KeyboardHandler.swift in Sources */ = {isa = PBXBuildFile; fileRef = C40E46C9230FD62D006C9DF0 /* KeyboardHandler.swift */; };
		C40E46CE230FDE17006C9DF0 /* UIViewController+EmptyBackButton.swift in Sources */ = {isa = PBXBuildFile; fileRef = C40E46CD230FDE16006C9DF0 /* UIViewController+EmptyBackButton.swift */; };
		C40E46D0230FE12A006C9DF0 /* NavigationViewController.swift in Sources */ = {isa = PBXBuildFile; fileRef = C40E46CF230FE12A006C9DF0 /* NavigationViewController.swift */; };
		C412174D23101AD200673572 /* AppCoordinator.swift in Sources */ = {isa = PBXBuildFile; fileRef = C412174C23101AD200673572 /* AppCoordinator.swift */; };
		C412175123101B9000673572 /* ServiceAssembler.swift in Sources */ = {isa = PBXBuildFile; fileRef = C412175023101B9000673572 /* ServiceAssembler.swift */; };
		C412175323101BED00673572 /* ModuleAssembler.swift in Sources */ = {isa = PBXBuildFile; fileRef = C412175223101BED00673572 /* ModuleAssembler.swift */; };
		C412175523101D9C00673572 /* RootCoordinator.swift in Sources */ = {isa = PBXBuildFile; fileRef = C412175423101D9C00673572 /* RootCoordinator.swift */; };
		C412175723101F5F00673572 /* Presentable.swift in Sources */ = {isa = PBXBuildFile; fileRef = C412175623101F5F00673572 /* Presentable.swift */; };
		C412175C2310252600673572 /* AuthorizationController.swift in Sources */ = {isa = PBXBuildFile; fileRef = C412175B2310252600673572 /* AuthorizationController.swift */; };
		C412175F231027AB00673572 /* UILabel+Style.swift in Sources */ = {isa = PBXBuildFile; fileRef = C412175E231027AB00673572 /* UILabel+Style.swift */; };
		C41217612310299300673572 /* UITextField+Style.swift in Sources */ = {isa = PBXBuildFile; fileRef = C41217602310299300673572 /* UITextField+Style.swift */; };
		C412176723102C4300673572 /* UIButton+Style.swift in Sources */ = {isa = PBXBuildFile; fileRef = C412176623102C4300673572 /* UIButton+Style.swift */; };
		C4121769231030A700673572 /* UIColor+Constants.swift in Sources */ = {isa = PBXBuildFile; fileRef = C4121768231030A700673572 /* UIColor+Constants.swift */; };
		C412176F2310416200673572 /* UILabel+Custom attr.swift in Sources */ = {isa = PBXBuildFile; fileRef = C412176E2310416200673572 /* UILabel+Custom attr.swift */; };
		C412177123104EAC00673572 /* CustomTextField.swift in Sources */ = {isa = PBXBuildFile; fileRef = C412177023104EAC00673572 /* CustomTextField.swift */; };
		C423A75C230EE5C80082161F /* AppDelegate.swift in Sources */ = {isa = PBXBuildFile; fileRef = C423A75B230EE5C80082161F /* AppDelegate.swift */; };
		C423A763230EE5CA0082161F /* Assets.xcassets in Resources */ = {isa = PBXBuildFile; fileRef = C423A762230EE5CA0082161F /* Assets.xcassets */; };
		C423A766230EE5CA0082161F /* LaunchScreen.storyboard in Resources */ = {isa = PBXBuildFile; fileRef = C423A764230EE5CA0082161F /* LaunchScreen.storyboard */; };
		C423A771230EE5CA0082161F /* HHTestAppTests.swift in Sources */ = {isa = PBXBuildFile; fileRef = C423A770230EE5CA0082161F /* HHTestAppTests.swift */; };
		C423A780230EE8FB0082161F /* AuthorizationService.swift in Sources */ = {isa = PBXBuildFile; fileRef = C423A77F230EE8FB0082161F /* AuthorizationService.swift */; };
		C423A782230EE9070082161F /* Constants.swift in Sources */ = {isa = PBXBuildFile; fileRef = C423A781230EE9070082161F /* Constants.swift */; };
		C423A785230EEA1E0082161F /* UIColor+init.swift in Sources */ = {isa = PBXBuildFile; fileRef = C423A784230EEA1E0082161F /* UIColor+init.swift */; };
		C423A78D230EEC480082161F /* UIViewController+ShowAlert.swift in Sources */ = {isa = PBXBuildFile; fileRef = C423A78C230EEC480082161F /* UIViewController+ShowAlert.swift */; };
		C423A791230EFD170082161F /* Authorization.storyboard in Resources */ = {isa = PBXBuildFile; fileRef = C423A790230EFD170082161F /* Authorization.storyboard */; };
		C423A793230EFD270082161F /* Root.storyboard in Resources */ = {isa = PBXBuildFile; fileRef = C423A792230EFD270082161F /* Root.storyboard */; };
		C423A798230EFDB60082161F /* Storyboard.swift in Sources */ = {isa = PBXBuildFile; fileRef = C423A797230EFDB60082161F /* Storyboard.swift */; };
		C423A79C230EFE2A0082161F /* Alamofire.framework in Frameworks */ = {isa = PBXBuildFile; fileRef = C423A79B230EFE2A0082161F /* Alamofire.framework */; };
		C423A79E230EFEB00082161F /* Completion.swift in Sources */ = {isa = PBXBuildFile; fileRef = C423A79D230EFEB00082161F /* Completion.swift */; };
		C423A7A1230F002B0082161F /* DarkskyResponse.swift in Sources */ = {isa = PBXBuildFile; fileRef = C423A7A0230F002B0082161F /* DarkskyResponse.swift */; };
		C423A7A3230F01900082161F /* AuthorizationServiceError.swift in Sources */ = {isa = PBXBuildFile; fileRef = C423A7A2230F01900082161F /* AuthorizationServiceError.swift */; };
		C423A7A5230F08620082161F /* AuthorizationViewController.swift in Sources */ = {isa = PBXBuildFile; fileRef = C423A7A4230F08620082161F /* AuthorizationViewController.swift */; };
		C423A7A7230F0A740082161F /* RootViewController.swift in Sources */ = {isa = PBXBuildFile; fileRef = C423A7A6230F0A740082161F /* RootViewController.swift */; };
		C423A7AB230F0BCA0082161F /* EnterButton.swift in Sources */ = {isa = PBXBuildFile; fileRef = C423A7AA230F0BCA0082161F /* EnterButton.swift */; };
/* End PBXBuildFile section */

/* Begin PBXContainerItemProxy section */
		C423A76D230EE5CA0082161F /* PBXContainerItemProxy */ = {
			isa = PBXContainerItemProxy;
			containerPortal = C423A750230EE5C80082161F /* Project object */;
			proxyType = 1;
			remoteGlobalIDString = C423A757230EE5C80082161F;
			remoteInfo = HHTestApp;
		};
/* End PBXContainerItemProxy section */

/* Begin PBXFileReference section */
		C40E46C7230FD618006C9DF0 /* StringValidation.swift */ = {isa = PBXFileReference; lastKnownFileType = sourcecode.swift; path = StringValidation.swift; sourceTree = "<group>"; };
		C40E46C9230FD62D006C9DF0 /* KeyboardHandler.swift */ = {isa = PBXFileReference; fileEncoding = 4; lastKnownFileType = sourcecode.swift; path = KeyboardHandler.swift; sourceTree = "<group>"; };
		C40E46CD230FDE16006C9DF0 /* UIViewController+EmptyBackButton.swift */ = {isa = PBXFileReference; fileEncoding = 4; lastKnownFileType = sourcecode.swift; path = "UIViewController+EmptyBackButton.swift"; sourceTree = "<group>"; };
		C40E46CF230FE12A006C9DF0 /* NavigationViewController.swift */ = {isa = PBXFileReference; lastKnownFileType = sourcecode.swift; path = NavigationViewController.swift; sourceTree = "<group>"; };
		C412174C23101AD200673572 /* AppCoordinator.swift */ = {isa = PBXFileReference; lastKnownFileType = sourcecode.swift; path = AppCoordinator.swift; sourceTree = "<group>"; };
		C412175023101B9000673572 /* ServiceAssembler.swift */ = {isa = PBXFileReference; fileEncoding = 4; lastKnownFileType = sourcecode.swift; path = ServiceAssembler.swift; sourceTree = "<group>"; };
		C412175223101BED00673572 /* ModuleAssembler.swift */ = {isa = PBXFileReference; lastKnownFileType = sourcecode.swift; path = ModuleAssembler.swift; sourceTree = "<group>"; };
		C412175423101D9C00673572 /* RootCoordinator.swift */ = {isa = PBXFileReference; lastKnownFileType = sourcecode.swift; path = RootCoordinator.swift; sourceTree = "<group>"; };
		C412175623101F5F00673572 /* Presentable.swift */ = {isa = PBXFileReference; lastKnownFileType = sourcecode.swift; path = Presentable.swift; sourceTree = "<group>"; };
		C412175B2310252600673572 /* AuthorizationController.swift */ = {isa = PBXFileReference; fileEncoding = 4; lastKnownFileType = sourcecode.swift; path = AuthorizationController.swift; sourceTree = "<group>"; };
		C412175E231027AB00673572 /* UILabel+Style.swift */ = {isa = PBXFileReference; lastKnownFileType = sourcecode.swift; path = "UILabel+Style.swift"; sourceTree = "<group>"; };
		C41217602310299300673572 /* UITextField+Style.swift */ = {isa = PBXFileReference; lastKnownFileType = sourcecode.swift; path = "UITextField+Style.swift"; sourceTree = "<group>"; };
		C412176623102C4300673572 /* UIButton+Style.swift */ = {isa = PBXFileReference; fileEncoding = 4; lastKnownFileType = sourcecode.swift; path = "UIButton+Style.swift"; sourceTree = "<group>"; };
		C4121768231030A700673572 /* UIColor+Constants.swift */ = {isa = PBXFileReference; fileEncoding = 4; lastKnownFileType = sourcecode.swift; path = "UIColor+Constants.swift"; sourceTree = "<group>"; };
		C412176A2310353F00673572 /* FBSnapshotTestCase.framework */ = {isa = PBXFileReference; lastKnownFileType = wrapper.framework; name = FBSnapshotTestCase.framework; path = Carthage/Build/iOS/FBSnapshotTestCase.framework; sourceTree = "<group>"; };
		C412176E2310416200673572 /* UILabel+Custom attr.swift */ = {isa = PBXFileReference; fileEncoding = 4; lastKnownFileType = sourcecode.swift; path = "UILabel+Custom attr.swift"; sourceTree = "<group>"; };
		C412177023104EAC00673572 /* CustomTextField.swift */ = {isa = PBXFileReference; lastKnownFileType = sourcecode.swift; path = CustomTextField.swift; sourceTree = "<group>"; };
		C423A758230EE5C80082161F /* HHTestApp.app */ = {isa = PBXFileReference; explicitFileType = wrapper.application; includeInIndex = 0; path = HHTestApp.app; sourceTree = BUILT_PRODUCTS_DIR; };
		C423A75B230EE5C80082161F /* AppDelegate.swift */ = {isa = PBXFileReference; indentWidth = 2; lastKnownFileType = sourcecode.swift; path = AppDelegate.swift; sourceTree = "<group>"; tabWidth = 2; };
		C423A762230EE5CA0082161F /* Assets.xcassets */ = {isa = PBXFileReference; lastKnownFileType = folder.assetcatalog; path = Assets.xcassets; sourceTree = "<group>"; };
		C423A765230EE5CA0082161F /* Base */ = {isa = PBXFileReference; lastKnownFileType = file.storyboard; name = Base; path = Base.lproj/LaunchScreen.storyboard; sourceTree = "<group>"; };
		C423A767230EE5CA0082161F /* Info.plist */ = {isa = PBXFileReference; lastKnownFileType = text.plist.xml; path = Info.plist; sourceTree = "<group>"; };
		C423A76C230EE5CA0082161F /* HHTestAppTests.xctest */ = {isa = PBXFileReference; explicitFileType = wrapper.cfbundle; includeInIndex = 0; path = HHTestAppTests.xctest; sourceTree = BUILT_PRODUCTS_DIR; };
		C423A770230EE5CA0082161F /* HHTestAppTests.swift */ = {isa = PBXFileReference; lastKnownFileType = sourcecode.swift; path = HHTestAppTests.swift; sourceTree = "<group>"; };
		C423A772230EE5CA0082161F /* Info.plist */ = {isa = PBXFileReference; lastKnownFileType = text.plist.xml; path = Info.plist; sourceTree = "<group>"; };
		C423A77F230EE8FB0082161F /* AuthorizationService.swift */ = {isa = PBXFileReference; indentWidth = 2; lastKnownFileType = sourcecode.swift; path = AuthorizationService.swift; sourceTree = "<group>"; tabWidth = 2; };
		C423A781230EE9070082161F /* Constants.swift */ = {isa = PBXFileReference; indentWidth = 2; lastKnownFileType = sourcecode.swift; path = Constants.swift; sourceTree = "<group>"; tabWidth = 2; };
		C423A784230EEA1E0082161F /* UIColor+init.swift */ = {isa = PBXFileReference; lastKnownFileType = sourcecode.swift; path = "UIColor+init.swift"; sourceTree = "<group>"; };
		C423A78C230EEC480082161F /* UIViewController+ShowAlert.swift */ = {isa = PBXFileReference; fileEncoding = 4; lastKnownFileType = sourcecode.swift; path = "UIViewController+ShowAlert.swift"; sourceTree = "<group>"; };
		C423A790230EFD170082161F /* Authorization.storyboard */ = {isa = PBXFileReference; lastKnownFileType = file.storyboard; path = Authorization.storyboard; sourceTree = "<group>"; };
		C423A792230EFD270082161F /* Root.storyboard */ = {isa = PBXFileReference; lastKnownFileType = file.storyboard; path = Root.storyboard; sourceTree = "<group>"; };
		C423A797230EFDB60082161F /* Storyboard.swift */ = {isa = PBXFileReference; lastKnownFileType = sourcecode.swift; path = Storyboard.swift; sourceTree = "<group>"; };
		C423A79B230EFE2A0082161F /* Alamofire.framework */ = {isa = PBXFileReference; lastKnownFileType = wrapper.framework; name = Alamofire.framework; path = Carthage/Build/iOS/Alamofire.framework; sourceTree = "<group>"; };
		C423A79D230EFEB00082161F /* Completion.swift */ = {isa = PBXFileReference; lastKnownFileType = sourcecode.swift; path = Completion.swift; sourceTree = "<group>"; };
		C423A7A0230F002B0082161F /* DarkskyResponse.swift */ = {isa = PBXFileReference; lastKnownFileType = sourcecode.swift; path = DarkskyResponse.swift; sourceTree = "<group>"; };
		C423A7A2230F01900082161F /* AuthorizationServiceError.swift */ = {isa = PBXFileReference; lastKnownFileType = sourcecode.swift; path = AuthorizationServiceError.swift; sourceTree = "<group>"; };
		C423A7A4230F08620082161F /* AuthorizationViewController.swift */ = {isa = PBXFileReference; lastKnownFileType = sourcecode.swift; path = AuthorizationViewController.swift; sourceTree = "<group>"; };
		C423A7A6230F0A740082161F /* RootViewController.swift */ = {isa = PBXFileReference; lastKnownFileType = sourcecode.swift; path = RootViewController.swift; sourceTree = "<group>"; };
		C423A7AA230F0BCA0082161F /* EnterButton.swift */ = {isa = PBXFileReference; lastKnownFileType = sourcecode.swift; path = EnterButton.swift; sourceTree = "<group>"; };
/* End PBXFileReference section */

/* Begin PBXFrameworksBuildPhase section */
		C423A755230EE5C80082161F /* Frameworks */ = {
			isa = PBXFrameworksBuildPhase;
			buildActionMask = 2147483647;
			files = (
				C423A79C230EFE2A0082161F /* Alamofire.framework in Frameworks */,
			);
			runOnlyForDeploymentPostprocessing = 0;
		};
		C423A769230EE5CA0082161F /* Frameworks */ = {
			isa = PBXFrameworksBuildPhase;
			buildActionMask = 2147483647;
			files = (
			);
			runOnlyForDeploymentPostprocessing = 0;
		};
/* End PBXFrameworksBuildPhase section */

/* Begin PBXGroup section */
		C412174A23101A7900673572 /* ViewController */ = {
			isa = PBXGroup;
			children = (
				C423A7A4230F08620082161F /* AuthorizationViewController.swift */,
			);
			path = ViewController;
			sourceTree = "<group>";
		};
		C41217582310250700673572 /* AuthorizationController */ = {
			isa = PBXGroup;
			children = (
				C412175B2310252600673572 /* AuthorizationController.swift */,
			);
			path = AuthorizationController;
			sourceTree = "<group>";
		};
		C412175D2310279E00673572 /* Extentions */ = {
			isa = PBXGroup;
			children = (
				C412176623102C4300673572 /* UIButton+Style.swift */,
				C412175E231027AB00673572 /* UILabel+Style.swift */,
				C412176E2310416200673572 /* UILabel+Custom attr.swift */,
				C41217602310299300673572 /* UITextField+Style.swift */,
				C412177023104EAC00673572 /* CustomTextField.swift */,
			);
			path = Extentions;
			sourceTree = "<group>";
		};
		C423A74F230EE5C80082161F = {
			isa = PBXGroup;
			children = (
				C423A75A230EE5C80082161F /* HHTestApp */,
				C423A76F230EE5CA0082161F /* HHTestAppTests */,
				C423A759230EE5C80082161F /* Products */,
				C423A79A230EFE2A0082161F /* Frameworks */,
			);
			sourceTree = "<group>";
		};
		C423A759230EE5C80082161F /* Products */ = {
			isa = PBXGroup;
			children = (
				C423A758230EE5C80082161F /* HHTestApp.app */,
				C423A76C230EE5CA0082161F /* HHTestAppTests.xctest */,
			);
			name = Products;
			sourceTree = "<group>";
		};
		C423A75A230EE5C80082161F /* HHTestApp */ = {
			isa = PBXGroup;
			children = (
				C423A77D230EE5E50082161F /* Resources */,
				C423A788230EEC140082161F /* Common */,
				C423A77B230EE5D60082161F /* Services */,
				C423A79F230F001E0082161F /* Models */,
				C423A77C230EE5DF0082161F /* Presentation */,
				C423A75B230EE5C80082161F /* AppDelegate.swift */,
				C412174C23101AD200673572 /* AppCoordinator.swift */,
				C423A767230EE5CA0082161F /* Info.plist */,
			);
			path = HHTestApp;
			sourceTree = "<group>";
		};
		C423A76F230EE5CA0082161F /* HHTestAppTests */ = {
			isa = PBXGroup;
			children = (
				C423A770230EE5CA0082161F /* HHTestAppTests.swift */,
				C423A772230EE5CA0082161F /* Info.plist */,
			);
			path = HHTestAppTests;
			sourceTree = "<group>";
		};
		C423A77B230EE5D60082161F /* Services */ = {
			isa = PBXGroup;
			children = (
				C423A77F230EE8FB0082161F /* AuthorizationService.swift */,
				C423A7A2230F01900082161F /* AuthorizationServiceError.swift */,
				C412175023101B9000673572 /* ServiceAssembler.swift */,
			);
			path = Services;
			sourceTree = "<group>";
		};
		C423A77C230EE5DF0082161F /* Presentation */ = {
			isa = PBXGroup;
			children = (
				C423A796230EFD870082161F /* Common */,
				C423A787230EEBEC0082161F /* Authorization */,
				C423A786230EEBE50082161F /* Root */,
				C423A764230EE5CA0082161F /* LaunchScreen.storyboard */,
				C412175223101BED00673572 /* ModuleAssembler.swift */,
			);
			path = Presentation;
			sourceTree = "<group>";
		};
		C423A77D230EE5E50082161F /* Resources */ = {
			isa = PBXGroup;
			children = (
				C423A762230EE5CA0082161F /* Assets.xcassets */,
				C423A781230EE9070082161F /* Constants.swift */,
				C4121768231030A700673572 /* UIColor+Constants.swift */,
			);
			path = Resources;
			sourceTree = "<group>";
		};
		C423A783230EEA040082161F /* Extensions */ = {
			isa = PBXGroup;
			children = (
				C423A78C230EEC480082161F /* UIViewController+ShowAlert.swift */,
				C423A784230EEA1E0082161F /* UIColor+init.swift */,
				C40E46CD230FDE16006C9DF0 /* UIViewController+EmptyBackButton.swift */,
			);
			path = Extensions;
			sourceTree = "<group>";
		};
		C423A786230EEBE50082161F /* Root */ = {
			isa = PBXGroup;
			children = (
				C423A794230EFD750082161F /* ViewController */,
				C423A792230EFD270082161F /* Root.storyboard */,
				C412175423101D9C00673572 /* RootCoordinator.swift */,
			);
			path = Root;
			sourceTree = "<group>";
		};
		C423A787230EEBEC0082161F /* Authorization */ = {
			isa = PBXGroup;
			children = (
				C41217582310250700673572 /* AuthorizationController */,
				C412174A23101A7900673572 /* ViewController */,
				C423A790230EFD170082161F /* Authorization.storyboard */,
			);
			path = Authorization;
			sourceTree = "<group>";
		};
		C423A788230EEC140082161F /* Common */ = {
			isa = PBXGroup;
			children = (
				C423A789230EEC1A0082161F /* Helpers */,
				C423A783230EEA040082161F /* Extensions */,
			);
			path = Common;
			sourceTree = "<group>";
		};
		C423A789230EEC1A0082161F /* Helpers */ = {
			isa = PBXGroup;
			children = (
				C40E46C9230FD62D006C9DF0 /* KeyboardHandler.swift */,
				C423A79D230EFEB00082161F /* Completion.swift */,
				C40E46C7230FD618006C9DF0 /* StringValidation.swift */,
			);
			path = Helpers;
			sourceTree = "<group>";
		};
		C423A794230EFD750082161F /* ViewController */ = {
			isa = PBXGroup;
			children = (
				C423A7A6230F0A740082161F /* RootViewController.swift */,
			);
			path = ViewController;
			sourceTree = "<group>";
		};
		C423A796230EFD870082161F /* Common */ = {
			isa = PBXGroup;
			children = (
				C412175D2310279E00673572 /* Extentions */,
				C423A797230EFDB60082161F /* Storyboard.swift */,
				C423A7AA230F0BCA0082161F /* EnterButton.swift */,
				C40E46CF230FE12A006C9DF0 /* NavigationViewController.swift */,
				C412175623101F5F00673572 /* Presentable.swift */,
			);
			path = Common;
			sourceTree = "<group>";
		};
		C423A79A230EFE2A0082161F /* Frameworks */ = {
			isa = PBXGroup;
			children = (
				C412176A2310353F00673572 /* FBSnapshotTestCase.framework */,
				C423A79B230EFE2A0082161F /* Alamofire.framework */,
			);
			name = Frameworks;
			sourceTree = "<group>";
		};
		C423A79F230F001E0082161F /* Models */ = {
			isa = PBXGroup;
			children = (
				C423A7A0230F002B0082161F /* DarkskyResponse.swift */,
			);
			path = Models;
			sourceTree = "<group>";
		};
/* End PBXGroup section */

/* Begin PBXNativeTarget section */
		C423A757230EE5C80082161F /* HHTestApp */ = {
			isa = PBXNativeTarget;
			buildConfigurationList = C423A775230EE5CA0082161F /* Build configuration list for PBXNativeTarget "HHTestApp" */;
			buildPhases = (
				C423A754230EE5C80082161F /* Sources */,
				C423A755230EE5C80082161F /* Frameworks */,
				C423A756230EE5C80082161F /* Resources */,
				C423A799230EFE030082161F /* Carthage */,
			);
			buildRules = (
			);
			dependencies = (
			);
			name = HHTestApp;
			productName = HHTestApp;
			productReference = C423A758230EE5C80082161F /* HHTestApp.app */;
			productType = "com.apple.product-type.application";
		};
		C423A76B230EE5CA0082161F /* HHTestAppTests */ = {
			isa = PBXNativeTarget;
			buildConfigurationList = C423A778230EE5CA0082161F /* Build configuration list for PBXNativeTarget "HHTestAppTests" */;
			buildPhases = (
				C423A768230EE5CA0082161F /* Sources */,
				C423A769230EE5CA0082161F /* Frameworks */,
				C423A76A230EE5CA0082161F /* Resources */,
			);
			buildRules = (
			);
			dependencies = (
				C423A76E230EE5CA0082161F /* PBXTargetDependency */,
			);
			name = HHTestAppTests;
			productName = HHTestAppTests;
			productReference = C423A76C230EE5CA0082161F /* HHTestAppTests.xctest */;
			productType = "com.apple.product-type.bundle.unit-test";
		};
/* End PBXNativeTarget section */

/* Begin PBXProject section */
		C423A750230EE5C80082161F /* Project object */ = {
			isa = PBXProject;
			attributes = {
				LastSwiftUpdateCheck = 1030;
				LastUpgradeCheck = 1030;
				ORGANIZATIONNAME = "Alexandr Klavsut";
				TargetAttributes = {
					C423A757230EE5C80082161F = {
						CreatedOnToolsVersion = 10.3;
					};
					C423A76B230EE5CA0082161F = {
						CreatedOnToolsVersion = 10.3;
						TestTargetID = C423A757230EE5C80082161F;
					};
				};
			};
			buildConfigurationList = C423A753230EE5C80082161F /* Build configuration list for PBXProject "HHTestApp" */;
			compatibilityVersion = "Xcode 9.3";
			developmentRegion = en;
			hasScannedForEncodings = 0;
			knownRegions = (
				en,
				Base,
			);
			mainGroup = C423A74F230EE5C80082161F;
			productRefGroup = C423A759230EE5C80082161F /* Products */;
			projectDirPath = "";
			projectRoot = "";
			targets = (
				C423A757230EE5C80082161F /* HHTestApp */,
				C423A76B230EE5CA0082161F /* HHTestAppTests */,
			);
		};
/* End PBXProject section */

/* Begin PBXResourcesBuildPhase section */
		C423A756230EE5C80082161F /* Resources */ = {
			isa = PBXResourcesBuildPhase;
			buildActionMask = 2147483647;
			files = (
				C423A791230EFD170082161F /* Authorization.storyboard in Resources */,
				C423A766230EE5CA0082161F /* LaunchScreen.storyboard in Resources */,
				C423A793230EFD270082161F /* Root.storyboard in Resources */,
				C423A763230EE5CA0082161F /* Assets.xcassets in Resources */,
			);
			runOnlyForDeploymentPostprocessing = 0;
		};
		C423A76A230EE5CA0082161F /* Resources */ = {
			isa = PBXResourcesBuildPhase;
			buildActionMask = 2147483647;
			files = (
			);
			runOnlyForDeploymentPostprocessing = 0;
		};
/* End PBXResourcesBuildPhase section */

/* Begin PBXShellScriptBuildPhase section */
		C423A799230EFE030082161F /* Carthage */ = {
			isa = PBXShellScriptBuildPhase;
			buildActionMask = 2147483647;
			files = (
			);
			inputFileListPaths = (
			);
			inputPaths = (
				"$(SRCROOT)/Carthage/Build/iOS/Alamofire.framework",
			);
			name = Carthage;
			outputFileListPaths = (
			);
			outputPaths = (
				"$(BUILT_PRODUCTS_DIR)/$(FRAMEWORKS_FOLDER_PATH)/Alamofire.framework",
			);
			runOnlyForDeploymentPostprocessing = 0;
			shellPath = /bin/sh;
			shellScript = "/usr/local/bin/carthage copy-frameworks\n";
		};
/* End PBXShellScriptBuildPhase section */

/* Begin PBXSourcesBuildPhase section */
		C423A754230EE5C80082161F /* Sources */ = {
			isa = PBXSourcesBuildPhase;
			buildActionMask = 2147483647;
			files = (
				C412177123104EAC00673572 /* CustomTextField.swift in Sources */,
				C40E46CA230FD62D006C9DF0 /* KeyboardHandler.swift in Sources */,
				C423A78D230EEC480082161F /* UIViewController+ShowAlert.swift in Sources */,
				C423A75C230EE5C80082161F /* AppDelegate.swift in Sources */,
				C40E46D0230FE12A006C9DF0 /* NavigationViewController.swift in Sources */,
				C412175323101BED00673572 /* ModuleAssembler.swift in Sources */,
				C423A7AB230F0BCA0082161F /* EnterButton.swift in Sources */,
				C423A785230EEA1E0082161F /* UIColor+init.swift in Sources */,
				C412174D23101AD200673572 /* AppCoordinator.swift in Sources */,
				C412175123101B9000673572 /* ServiceAssembler.swift in Sources */,
				C412175723101F5F00673572 /* Presentable.swift in Sources */,
				C412175F231027AB00673572 /* UILabel+Style.swift in Sources */,
				C412176F2310416200673572 /* UILabel+Custom attr.swift in Sources */,
				C4121769231030A700673572 /* UIColor+Constants.swift in Sources */,
				C40E46CE230FDE17006C9DF0 /* UIViewController+EmptyBackButton.swift in Sources */,
				C412175C2310252600673572 /* AuthorizationController.swift in Sources */,
				C423A7A7230F0A740082161F /* RootViewController.swift in Sources */,
				C41217612310299300673572 /* UITextField+Style.swift in Sources */,
				C423A79E230EFEB00082161F /* Completion.swift in Sources */,
				C412176723102C4300673572 /* UIButton+Style.swift in Sources */,
				C412175523101D9C00673572 /* RootCoordinator.swift in Sources */,
				C423A7A3230F01900082161F /* AuthorizationServiceError.swift in Sources */,
				C423A7A1230F002B0082161F /* DarkskyResponse.swift in Sources */,
				C423A780230EE8FB0082161F /* AuthorizationService.swift in Sources */,
				C423A798230EFDB60082161F /* Storyboard.swift in Sources */,
				C423A7A5230F08620082161F /* AuthorizationViewController.swift in Sources */,
				C423A782230EE9070082161F /* Constants.swift in Sources */,
				C40E46C8230FD618006C9DF0 /* StringValidation.swift in Sources */,
			);
			runOnlyForDeploymentPostprocessing = 0;
		};
		C423A768230EE5CA0082161F /* Sources */ = {
			isa = PBXSourcesBuildPhase;
			buildActionMask = 2147483647;
			files = (
				C423A771230EE5CA0082161F /* HHTestAppTests.swift in Sources */,
			);
			runOnlyForDeploymentPostprocessing = 0;
		};
/* End PBXSourcesBuildPhase section */

/* Begin PBXTargetDependency section */
		C423A76E230EE5CA0082161F /* PBXTargetDependency */ = {
			isa = PBXTargetDependency;
			target = C423A757230EE5C80082161F /* HHTestApp */;
			targetProxy = C423A76D230EE5CA0082161F /* PBXContainerItemProxy */;
		};
/* End PBXTargetDependency section */

/* Begin PBXVariantGroup section */
		C423A764230EE5CA0082161F /* LaunchScreen.storyboard */ = {
			isa = PBXVariantGroup;
			children = (
				C423A765230EE5CA0082161F /* Base */,
			);
			name = LaunchScreen.storyboard;
			sourceTree = "<group>";
		};
/* End PBXVariantGroup section */

/* Begin XCBuildConfiguration section */
		C423A773230EE5CA0082161F /* Debug */ = {
			isa = XCBuildConfiguration;
			buildSettings = {
				ALWAYS_SEARCH_USER_PATHS = NO;
				CLANG_ANALYZER_NONNULL = YES;
				CLANG_ANALYZER_NUMBER_OBJECT_CONVERSION = YES_AGGRESSIVE;
				CLANG_CXX_LANGUAGE_STANDARD = "gnu++14";
				CLANG_CXX_LIBRARY = "libc++";
				CLANG_ENABLE_MODULES = YES;
				CLANG_ENABLE_OBJC_ARC = YES;
				CLANG_ENABLE_OBJC_WEAK = YES;
				CLANG_WARN_BLOCK_CAPTURE_AUTORELEASING = YES;
				CLANG_WARN_BOOL_CONVERSION = YES;
				CLANG_WARN_COMMA = YES;
				CLANG_WARN_CONSTANT_CONVERSION = YES;
				CLANG_WARN_DEPRECATED_OBJC_IMPLEMENTATIONS = YES;
				CLANG_WARN_DIRECT_OBJC_ISA_USAGE = YES_ERROR;
				CLANG_WARN_DOCUMENTATION_COMMENTS = YES;
				CLANG_WARN_EMPTY_BODY = YES;
				CLANG_WARN_ENUM_CONVERSION = YES;
				CLANG_WARN_INFINITE_RECURSION = YES;
				CLANG_WARN_INT_CONVERSION = YES;
				CLANG_WARN_NON_LITERAL_NULL_CONVERSION = YES;
				CLANG_WARN_OBJC_IMPLICIT_RETAIN_SELF = YES;
				CLANG_WARN_OBJC_LITERAL_CONVERSION = YES;
				CLANG_WARN_OBJC_ROOT_CLASS = YES_ERROR;
				CLANG_WARN_RANGE_LOOP_ANALYSIS = YES;
				CLANG_WARN_STRICT_PROTOTYPES = YES;
				CLANG_WARN_SUSPICIOUS_MOVE = YES;
				CLANG_WARN_UNGUARDED_AVAILABILITY = YES_AGGRESSIVE;
				CLANG_WARN_UNREACHABLE_CODE = YES;
				CLANG_WARN__DUPLICATE_METHOD_MATCH = YES;
				CODE_SIGN_IDENTITY = "iPhone Developer";
				COPY_PHASE_STRIP = NO;
				DEBUG_INFORMATION_FORMAT = dwarf;
				ENABLE_STRICT_OBJC_MSGSEND = YES;
				ENABLE_TESTABILITY = YES;
				GCC_C_LANGUAGE_STANDARD = gnu11;
				GCC_DYNAMIC_NO_PIC = NO;
				GCC_NO_COMMON_BLOCKS = YES;
				GCC_OPTIMIZATION_LEVEL = 0;
				GCC_PREPROCESSOR_DEFINITIONS = (
					"DEBUG=1",
					"$(inherited)",
				);
				GCC_WARN_64_TO_32_BIT_CONVERSION = YES;
				GCC_WARN_ABOUT_RETURN_TYPE = YES_ERROR;
				GCC_WARN_UNDECLARED_SELECTOR = YES;
				GCC_WARN_UNINITIALIZED_AUTOS = YES_AGGRESSIVE;
				GCC_WARN_UNUSED_FUNCTION = YES;
				GCC_WARN_UNUSED_VARIABLE = YES;
				IPHONEOS_DEPLOYMENT_TARGET = 12.4;
				MTL_ENABLE_DEBUG_INFO = INCLUDE_SOURCE;
				MTL_FAST_MATH = YES;
				ONLY_ACTIVE_ARCH = YES;
				SDKROOT = iphoneos;
				SWIFT_ACTIVE_COMPILATION_CONDITIONS = DEBUG;
				SWIFT_OPTIMIZATION_LEVEL = "-Onone";
			};
			name = Debug;
		};
		C423A774230EE5CA0082161F /* Release */ = {
			isa = XCBuildConfiguration;
			buildSettings = {
				ALWAYS_SEARCH_USER_PATHS = NO;
				CLANG_ANALYZER_NONNULL = YES;
				CLANG_ANALYZER_NUMBER_OBJECT_CONVERSION = YES_AGGRESSIVE;
				CLANG_CXX_LANGUAGE_STANDARD = "gnu++14";
				CLANG_CXX_LIBRARY = "libc++";
				CLANG_ENABLE_MODULES = YES;
				CLANG_ENABLE_OBJC_ARC = YES;
				CLANG_ENABLE_OBJC_WEAK = YES;
				CLANG_WARN_BLOCK_CAPTURE_AUTORELEASING = YES;
				CLANG_WARN_BOOL_CONVERSION = YES;
				CLANG_WARN_COMMA = YES;
				CLANG_WARN_CONSTANT_CONVERSION = YES;
				CLANG_WARN_DEPRECATED_OBJC_IMPLEMENTATIONS = YES;
				CLANG_WARN_DIRECT_OBJC_ISA_USAGE = YES_ERROR;
				CLANG_WARN_DOCUMENTATION_COMMENTS = YES;
				CLANG_WARN_EMPTY_BODY = YES;
				CLANG_WARN_ENUM_CONVERSION = YES;
				CLANG_WARN_INFINITE_RECURSION = YES;
				CLANG_WARN_INT_CONVERSION = YES;
				CLANG_WARN_NON_LITERAL_NULL_CONVERSION = YES;
				CLANG_WARN_OBJC_IMPLICIT_RETAIN_SELF = YES;
				CLANG_WARN_OBJC_LITERAL_CONVERSION = YES;
				CLANG_WARN_OBJC_ROOT_CLASS = YES_ERROR;
				CLANG_WARN_RANGE_LOOP_ANALYSIS = YES;
				CLANG_WARN_STRICT_PROTOTYPES = YES;
				CLANG_WARN_SUSPICIOUS_MOVE = YES;
				CLANG_WARN_UNGUARDED_AVAILABILITY = YES_AGGRESSIVE;
				CLANG_WARN_UNREACHABLE_CODE = YES;
				CLANG_WARN__DUPLICATE_METHOD_MATCH = YES;
				CODE_SIGN_IDENTITY = "iPhone Developer";
				COPY_PHASE_STRIP = NO;
				DEBUG_INFORMATION_FORMAT = "dwarf-with-dsym";
				ENABLE_NS_ASSERTIONS = NO;
				ENABLE_STRICT_OBJC_MSGSEND = YES;
				GCC_C_LANGUAGE_STANDARD = gnu11;
				GCC_NO_COMMON_BLOCKS = YES;
				GCC_WARN_64_TO_32_BIT_CONVERSION = YES;
				GCC_WARN_ABOUT_RETURN_TYPE = YES_ERROR;
				GCC_WARN_UNDECLARED_SELECTOR = YES;
				GCC_WARN_UNINITIALIZED_AUTOS = YES_AGGRESSIVE;
				GCC_WARN_UNUSED_FUNCTION = YES;
				GCC_WARN_UNUSED_VARIABLE = YES;
				IPHONEOS_DEPLOYMENT_TARGET = 12.4;
				MTL_ENABLE_DEBUG_INFO = NO;
				MTL_FAST_MATH = YES;
				SDKROOT = iphoneos;
				SWIFT_COMPILATION_MODE = wholemodule;
				SWIFT_OPTIMIZATION_LEVEL = "-O";
				VALIDATE_PRODUCT = YES;
			};
			name = Release;
		};
		C423A776230EE5CA0082161F /* Debug */ = {
			isa = XCBuildConfiguration;
			buildSettings = {
				ASSETCATALOG_COMPILER_APPICON_NAME = AppIcon;
				CODE_SIGN_STYLE = Automatic;
				FRAMEWORK_SEARCH_PATHS = (
					"$(inherited)",
					"$(PROJECT_DIR)/Carthage/Build/iOS",
				);
				INFOPLIST_FILE = HHTestApp/Info.plist;
				IPHONEOS_DEPLOYMENT_TARGET = 10;
				LD_RUNPATH_SEARCH_PATHS = (
					"$(inherited)",
					"@executable_path/Frameworks",
				);
				PRODUCT_BUNDLE_IDENTIFIER = ru.alekla.HHTestApp;
				PRODUCT_NAME = "$(TARGET_NAME)";
				SWIFT_VERSION = 5.0;
				TARGETED_DEVICE_FAMILY = 1;
			};
			name = Debug;
		};
		C423A777230EE5CA0082161F /* Release */ = {
			isa = XCBuildConfiguration;
			buildSettings = {
				ASSETCATALOG_COMPILER_APPICON_NAME = AppIcon;
				CODE_SIGN_STYLE = Automatic;
				FRAMEWORK_SEARCH_PATHS = (
					"$(inherited)",
					"$(PROJECT_DIR)/Carthage/Build/iOS",
				);
				INFOPLIST_FILE = HHTestApp/Info.plist;
				IPHONEOS_DEPLOYMENT_TARGET = 10;
				LD_RUNPATH_SEARCH_PATHS = (
					"$(inherited)",
					"@executable_path/Frameworks",
				);
				PRODUCT_BUNDLE_IDENTIFIER = ru.alekla.HHTestApp;
				PRODUCT_NAME = "$(TARGET_NAME)";
				SWIFT_VERSION = 5.0;
				TARGETED_DEVICE_FAMILY = 1;
			};
			name = Release;
		};
		C423A779230EE5CA0082161F /* Debug */ = {
			isa = XCBuildConfiguration;
			buildSettings = {
				ALWAYS_EMBED_SWIFT_STANDARD_LIBRARIES = YES;
				BUNDLE_LOADER = "$(TEST_HOST)";
				CODE_SIGN_STYLE = Automatic;
				INFOPLIST_FILE = HHTestAppTests/Info.plist;
				LD_RUNPATH_SEARCH_PATHS = (
					"$(inherited)",
					"@executable_path/Frameworks",
					"@loader_path/Frameworks",
				);
				PRODUCT_BUNDLE_IDENTIFIER = ru.alekla.HHTestAppTests;
				PRODUCT_NAME = "$(TARGET_NAME)";
				SWIFT_VERSION = 5.0;
				TARGETED_DEVICE_FAMILY = "1,2";
				TEST_HOST = "$(BUILT_PRODUCTS_DIR)/HHTestApp.app/HHTestApp";
			};
			name = Debug;
		};
		C423A77A230EE5CA0082161F /* Release */ = {
			isa = XCBuildConfiguration;
			buildSettings = {
				ALWAYS_EMBED_SWIFT_STANDARD_LIBRARIES = YES;
				BUNDLE_LOADER = "$(TEST_HOST)";
				CODE_SIGN_STYLE = Automatic;
				INFOPLIST_FILE = HHTestAppTests/Info.plist;
				LD_RUNPATH_SEARCH_PATHS = (
					"$(inherited)",
					"@executable_path/Frameworks",
					"@loader_path/Frameworks",
				);
				PRODUCT_BUNDLE_IDENTIFIER = ru.alekla.HHTestAppTests;
				PRODUCT_NAME = "$(TARGET_NAME)";
				SWIFT_VERSION = 5.0;
				TARGETED_DEVICE_FAMILY = "1,2";
				TEST_HOST = "$(BUILT_PRODUCTS_DIR)/HHTestApp.app/HHTestApp";
			};
			name = Release;
		};
/* End XCBuildConfiguration section */

/* Begin XCConfigurationList section */
		C423A753230EE5C80082161F /* Build configuration list for PBXProject "HHTestApp" */ = {
			isa = XCConfigurationList;
			buildConfigurations = (
				C423A773230EE5CA0082161F /* Debug */,
				C423A774230EE5CA0082161F /* Release */,
			);
			defaultConfigurationIsVisible = 0;
			defaultConfigurationName = Release;
		};
		C423A775230EE5CA0082161F /* Build configuration list for PBXNativeTarget "HHTestApp" */ = {
			isa = XCConfigurationList;
			buildConfigurations = (
				C423A776230EE5CA0082161F /* Debug */,
				C423A777230EE5CA0082161F /* Release */,
			);
			defaultConfigurationIsVisible = 0;
			defaultConfigurationName = Release;
		};
		C423A778230EE5CA0082161F /* Build configuration list for PBXNativeTarget "HHTestAppTests" */ = {
			isa = XCConfigurationList;
			buildConfigurations = (
				C423A779230EE5CA0082161F /* Debug */,
				C423A77A230EE5CA0082161F /* Release */,
			);
			defaultConfigurationIsVisible = 0;
			defaultConfigurationName = Release;
		};
/* End XCConfigurationList section */
	};
	rootObject = C423A750230EE5C80082161F /* Project object */;
}
